# This file is automatically @generated by Cargo.
# It is not intended for manual editing.
[[package]]
name = "autocfg"
version = "1.1.0"
source = "registry+https://github.com/rust-lang/crates.io-index"

[[package]]
name = "cfg-if"
version = "1.0.0"
source = "registry+https://github.com/rust-lang/crates.io-index"

[[package]]
name = "crossbeam-channel"
version = "0.5.8"
source = "registry+https://github.com/rust-lang/crates.io-index"
dependencies = [
 "cfg-if 1.0.0 (registry+https://github.com/rust-lang/crates.io-index)",
 "crossbeam-utils 0.8.16 (registry+https://github.com/rust-lang/crates.io-index)",
]

[[package]]
name = "crossbeam-deque"
version = "0.8.3"
source = "registry+https://github.com/rust-lang/crates.io-index"
dependencies = [
 "cfg-if 1.0.0 (registry+https://github.com/rust-lang/crates.io-index)",
 "crossbeam-epoch 0.9.15 (registry+https://github.com/rust-lang/crates.io-index)",
 "crossbeam-utils 0.8.16 (registry+https://github.com/rust-lang/crates.io-index)",
]

[[package]]
name = "crossbeam-epoch"
version = "0.9.15"
source = "registry+https://github.com/rust-lang/crates.io-index"
dependencies = [
 "autocfg 1.1.0 (registry+https://github.com/rust-lang/crates.io-index)",
 "cfg-if 1.0.0 (registry+https://github.com/rust-lang/crates.io-index)",
 "crossbeam-utils 0.8.16 (registry+https://github.com/rust-lang/crates.io-index)",
 "memoffset 0.9.0 (registry+https://github.com/rust-lang/crates.io-index)",
 "scopeguard 1.2.0 (registry+https://github.com/rust-lang/crates.io-index)",
]

[[package]]
name = "crossbeam-utils"
version = "0.8.16"
source = "registry+https://github.com/rust-lang/crates.io-index"
dependencies = [
 "cfg-if 1.0.0 (registry+https://github.com/rust-lang/crates.io-index)",
]

[[package]]
name = "hermit-abi"
version = "0.3.2"
source = "registry+https://github.com/rust-lang/crates.io-index"

[[package]]
name = "libc"
version = "0.2.147"
source = "registry+https://github.com/rust-lang/crates.io-index"

[[package]]
name = "memoffset"
version = "0.9.0"
source = "registry+https://github.com/rust-lang/crates.io-index"
dependencies = [
 "autocfg 1.1.0 (registry+https://github.com/rust-lang/crates.io-index)",
]

[[package]]
name = "my_project"
version = "0.1.0"
dependencies = [
 "rayon-core 1.11.0 (registry+https://github.com/rust-lang/crates.io-index)",
]

[[package]]
name = "num_cpus"
version = "1.16.0"
source = "registry+https://github.com/rust-lang/crates.io-index"
dependencies = [
 "hermit-abi 0.3.2 (registry+https://github.com/rust-lang/crates.io-index)",
 "libc 0.2.147 (registry+https://github.com/rust-lang/crates.io-index)",
]

[[package]]
name = "rayon-core"
version = "1.11.0"
source = "registry+https://github.com/rust-lang/crates.io-index"
dependencies = [
 "crossbeam-channel 0.5.8 (registry+https://github.com/rust-lang/crates.io-index)",
 "crossbeam-deque 0.8.3 (registry+https://github.com/rust-lang/crates.io-index)",
 "crossbeam-utils 0.8.16 (registry+https://github.com/rust-lang/crates.io-index)",
 "num_cpus 1.16.0 (registry+https://github.com/rust-lang/crates.io-index)",
]

[[package]]
name = "scopeguard"
version = "1.2.0"
source = "registry+https://github.com/rust-lang/crates.io-index"

[metadata]
"checksum autocfg 1.1.0 (registry+https://github.com/rust-lang/crates.io-index)" = "d468802bab17cbc0cc575e9b053f41e72aa36bfa6b7f55e3529ffa43161b97fa"
"checksum cfg-if 1.0.0 (registry+https://github.com/rust-lang/crates.io-index)" = "baf1de4339761588bc0619e3cbc0120ee582ebb74b53b4efbf79117bd2da40fd"
"checksum crossbeam-channel 0.5.8 (registry+https://github.com/rust-lang/crates.io-index)" = "a33c2bf77f2df06183c3aa30d1e96c0695a313d4f9c453cc3762a6db39f99200"
"checksum crossbeam-deque 0.8.3 (registry+https://github.com/rust-lang/crates.io-index)" = "ce6fd6f855243022dcecf8702fef0c297d4338e226845fe067f6341ad9fa0cef"
"checksum crossbeam-epoch 0.9.15 (registry+https://github.com/rust-lang/crates.io-index)" = "ae211234986c545741a7dc064309f67ee1e5ad243d0e48335adc0484d960bcc7"
"checksum crossbeam-utils 0.8.16 (registry+https://github.com/rust-lang/crates.io-index)" = "5a22b2d63d4d1dc0b7f1b6b2747dd0088008a9be28b6ddf0b1e7d335e3037294"
"checksum hermit-abi 0.3.2 (registry+https://github.com/rust-lang/crates.io-index)" = "443144c8cdadd93ebf52ddb4056d257f5b52c04d3c804e657d19eb73fc33668b"
"checksum libc 0.2.147 (registry+https://github.com/rust-lang/crates.io-index)" = "b4668fb0ea861c1df094127ac5f1da3409a82116a4ba74fca2e58ef927159bb3"
"checksum memoffset 0.9.0 (registry+https://github.com/rust-lang/crates.io-index)" = "5a634b1c61a95585bd15607c6ab0c4e5b226e695ff2800ba0cdccddf208c406c"
"checksum num_cpus 1.16.0 (registry+https://github.com/rust-lang/crates.io-index)" = "4161fcb6d602d4d2081af7c3a45852d875a03dd337a6bfdd6e06407b61342a43"
"checksum rayon-core 1.11.0 (registry+https://github.com/rust-lang/crates.io-index)" = "4b8f95bd6966f5c87776639160a66bd8ab9895d9d4ab01ddba9fc60661aebe8d"
"checksum scopeguard 1.2.0 (registry+https://github.com/rust-lang/crates.io-index)" = "94143f37725109f92c262ed2cf5e59bce7498c01bcc1502d7b9afe439a4e9f49"
